
Microsoft Visual Studio Solution File, Format Version 12.00
# Visual Studio 15
VisualStudioVersion = 15.0.26730.16
MinimumVisualStudioVersion = 10.0.40219.1
Project("{FAE04EC0-301F-11D3-BF4B-00C04F79EFBC}") = "IdentityServer4React.Api", "IdentityServer4React.Api\IdentityServer4React.Api.csproj", "{C6623C94-DA20-4ECD-989D-AF04E0E1B689}"
EndProject
Global
	GlobalSection(SolutionConfigurationPlatforms) = preSolution
		Debug|Any CPU = Debug|Any CPU
		Release|Any CPU = Release|Any CPU
	EndGlobalSection
	GlobalSection(ProjectConfigurationPlatforms) = postSolution
		{C6623C94-DA20-4ECD-989D-AF04E0E1B689}.Debug|Any CPU.ActiveCfg = Debug|Any CPU
		{C6623C94-DA20-4ECD-989D-AF04E0E1B689}.Debug|Any CPU.Build.0 = Debug|Any CPU
		{C6623C94-DA20-4ECD-989D-AF04E0E1B689}.Release|Any CPU.ActiveCfg = Release|Any CPU
		{C6623C94-DA20-4ECD-989D-AF04E0E1B689}.Release|Any CPU.Build.0 = Release|Any CPU
	EndGlobalSection
	GlobalSection(SolutionProperties) = preSolution
		HideSolutionNode = FALSE
	EndGlobalSection
	GlobalSection(ExtensibilityGlobals) = postSolution
		SolutionGuid = {95FF169A-297D-409A-9841-1A3D7B31D307}
	EndGlobalSection
EndGlobal
